
Microsoft Visual Studio Solution File, Format Version 12.00
# Visual Studio Version 16
VisualStudioVersion = 16.0.29926.136
MinimumVisualStudioVersion = 10.0.40219.1
Project("{FAE04EC0-301F-11D3-BF4B-00C04F79EFBC}") = "CategoryApi", "CategoryApi\CategoryApi.csproj", "{502CF500-43A8-414F-AAAA-4BEEE78E9E9B}"
EndProject
Global
	GlobalSection(SolutionConfigurationPlatforms) = preSolution
		Debug|Any CPU = Debug|Any CPU
		Release|Any CPU = Release|Any CPU
	EndGlobalSection
	GlobalSection(ProjectConfigurationPlatforms) = postSolution
		{502CF500-43A8-414F-AAAA-4BEEE78E9E9B}.Debug|Any CPU.ActiveCfg = Debug|Any CPU
		{502CF500-43A8-414F-AAAA-4BEEE78E9E9B}.Debug|Any CPU.Build.0 = Debug|Any CPU
		{502CF500-43A8-414F-AAAA-4BEEE78E9E9B}.Release|Any CPU.ActiveCfg = Release|Any CPU
		{502CF500-43A8-414F-AAAA-4BEEE78E9E9B}.Release|Any CPU.Build.0 = Release|Any CPU
	EndGlobalSection
	GlobalSection(SolutionProperties) = preSolution
		HideSolutionNode = FALSE
	EndGlobalSection
	GlobalSection(ExtensibilityGlobals) = postSolution
		SolutionGuid = {710F40E0-53A1-4ED2-9C25-B78912FE1AE9}
	EndGlobalSection
EndGlobal
